
Microsoft Visual Studio Solution File, Format Version 11.00
# Visual Studio 2010
Project("{FAE04EC0-301F-11D3-BF4B-00C04F79EFBC}") = "OKHWR.Web", "OKHWR.Web\OKHWR.Web.csproj", "{C651A71A-7F52-4FF8-9BD5-7C8BB8440518}"
EndProject
Project("{FAE04EC0-301F-11D3-BF4B-00C04F79EFBC}") = "OKHWR.Common", "OKHWR.Common\OKHWR.Common.csproj", "{10FE2DB1-6ACE-411E-8D79-61B91C903C24}"
EndProject
Project("{FAE04EC0-301F-11D3-BF4B-00C04F79EFBC}") = "OKHWR.Shape", "OKHWR.Shape\OKHWR.Shape.csproj", "{69F313DB-B92B-4F6A-90CD-8598796D0D73}"
EndProject
Global
	GlobalSection(SolutionConfigurationPlatforms) = preSolution
		Debug|Any CPU = Debug|Any CPU
		Release|Any CPU = Release|Any CPU
	EndGlobalSection
	GlobalSection(ProjectConfigurationPlatforms) = postSolution
		{C651A71A-7F52-4FF8-9BD5-7C8BB8440518}.Debug|Any CPU.ActiveCfg = Debug|Any CPU
		{C651A71A-7F52-4FF8-9BD5-7C8BB8440518}.Debug|Any CPU.Build.0 = Debug|Any CPU
		{C651A71A-7F52-4FF8-9BD5-7C8BB8440518}.Release|Any CPU.ActiveCfg = Release|Any CPU
		{C651A71A-7F52-4FF8-9BD5-7C8BB8440518}.Release|Any CPU.Build.0 = Release|Any CPU
		{10FE2DB1-6ACE-411E-8D79-61B91C903C24}.Debug|Any CPU.ActiveCfg = Debug|Any CPU
		{10FE2DB1-6ACE-411E-8D79-61B91C903C24}.Debug|Any CPU.Build.0 = Debug|Any CPU
		{10FE2DB1-6ACE-411E-8D79-61B91C903C24}.Release|Any CPU.ActiveCfg = Release|Any CPU
		{10FE2DB1-6ACE-411E-8D79-61B91C903C24}.Release|Any CPU.Build.0 = Release|Any CPU
		{69F313DB-B92B-4F6A-90CD-8598796D0D73}.Debug|Any CPU.ActiveCfg = Debug|Any CPU
		{69F313DB-B92B-4F6A-90CD-8598796D0D73}.Debug|Any CPU.Build.0 = Debug|Any CPU
		{69F313DB-B92B-4F6A-90CD-8598796D0D73}.Release|Any CPU.ActiveCfg = Release|Any CPU
		{69F313DB-B92B-4F6A-90CD-8598796D0D73}.Release|Any CPU.Build.0 = Release|Any CPU
	EndGlobalSection
	GlobalSection(SolutionProperties) = preSolution
		HideSolutionNode = FALSE
	EndGlobalSection
EndGlobal
